
Microsoft Visual Studio Solution File, Format Version 12.00
# Visual Studio 15
VisualStudioVersion = 15.0.27004.2009
MinimumVisualStudioVersion = 10.0.40219.1
Project("{FAE04EC0-301F-11D3-BF4B-00C04F79EFBC}") = "OCR", "OCR\OCR.csproj", "{6C40F6D4-D374-4D7B-A42E-65966B2F7685}"
EndProject
Global
	GlobalSection(SolutionConfigurationPlatforms) = preSolution
		Debug|Any CPU = Debug|Any CPU
		Release|Any CPU = Release|Any CPU
	EndGlobalSection
	GlobalSection(ProjectConfigurationPlatforms) = postSolution
		{6C40F6D4-D374-4D7B-A42E-65966B2F7685}.Debug|Any CPU.ActiveCfg = Debug|Any CPU
		{6C40F6D4-D374-4D7B-A42E-65966B2F7685}.Debug|Any CPU.Build.0 = Debug|Any CPU
		{6C40F6D4-D374-4D7B-A42E-65966B2F7685}.Release|Any CPU.ActiveCfg = Release|Any CPU
		{6C40F6D4-D374-4D7B-A42E-65966B2F7685}.Release|Any CPU.Build.0 = Release|Any CPU
	EndGlobalSection
	GlobalSection(SolutionProperties) = preSolution
		HideSolutionNode = FALSE
	EndGlobalSection
	GlobalSection(ExtensibilityGlobals) = postSolution
		SolutionGuid = {7AEE7B62-18A4-49BA-93C5-A1E5CBA6F98D}
	EndGlobalSection
EndGlobal
